
Microsoft Visual Studio Solution File, Format Version 12.00
# Visual Studio Version 16
VisualStudioVersion = 16.0.30804.86
MinimumVisualStudioVersion = 10.0.40219.1
Project("{FAE04EC0-301F-11D3-BF4B-00C04F79EFBC}") = "Services.api.Roulette", "Services.api.Roulette\Services.api.Roulette.csproj", "{9BB7666B-9E5E-41C2-B84A-9DADD2937710}"
EndProject
Global
	GlobalSection(SolutionConfigurationPlatforms) = preSolution
		Debug|Any CPU = Debug|Any CPU
		Release|Any CPU = Release|Any CPU
	EndGlobalSection
	GlobalSection(ProjectConfigurationPlatforms) = postSolution
		{9BB7666B-9E5E-41C2-B84A-9DADD2937710}.Debug|Any CPU.ActiveCfg = Debug|Any CPU
		{9BB7666B-9E5E-41C2-B84A-9DADD2937710}.Debug|Any CPU.Build.0 = Debug|Any CPU
		{9BB7666B-9E5E-41C2-B84A-9DADD2937710}.Release|Any CPU.ActiveCfg = Release|Any CPU
		{9BB7666B-9E5E-41C2-B84A-9DADD2937710}.Release|Any CPU.Build.0 = Release|Any CPU
	EndGlobalSection
	GlobalSection(SolutionProperties) = preSolution
		HideSolutionNode = FALSE
	EndGlobalSection
	GlobalSection(ExtensibilityGlobals) = postSolution
		SolutionGuid = {45800BD9-AA39-4AD4-96CD-2709BD877EB9}
	EndGlobalSection
EndGlobal
